{
  "name": "converter",
  "version": "1.0.0",
  "lockfileVersion": 2,
  "requires": true,
  "packages": {
    "": {
      "name": "converter",
      "version": "1.0.0",
      "license": "ISC",
      "dependencies": {
        "translate": "^3.0.0"
      }
    },
    "node_modules/translate": {
      "version": "3.0.0",
      "resolved": "https://registry.npmjs.org/translate/-/translate-3.0.0.tgz",
      "integrity": "sha512-cGKtG5QuV6ZR3IP9FMlqWMGtYz1f7vMqgPsh441PbvHa11WaN8urLI4Up/UtvIsu2tg3h3f5kHUFJDWKHa4S6w==",
      "funding": {
        "url": "https://www.paypal.me/franciscopresencia/19"
      }
    }
  },
  "dependencies": {
    "translate": {
      "version": "3.0.0",
      "resolved": "https://registry.npmjs.org/translate/-/translate-3.0.0.tgz",
      "integrity": "sha512-cGKtG5QuV6ZR3IP9FMlqWMGtYz1f7vMqgPsh441PbvHa11WaN8urLI4Up/UtvIsu2tg3h3f5kHUFJDWKHa4S6w=="
    }
  }
}
